// !$*UTF8*$!
{
	archiveVersion = 1;
	classes = {
	};
	objectVersion = 46;
	objects = {

/* Begin PBXBuildFile section */
		0224305D0DF34BA29501C49A /* libPods.a in Frameworks */ = {isa = PBXBuildFile; fileRef = 5BDFD2CE0E674E02ABCBEC97 /* libPods.a */; };
		850F7BE419F4A0B6006E16A0 /* AddGoalTextFieldCell.swift in Sources */ = {isa = PBXBuildFile; fileRef = 850F7BE219F4A0B6006E16A0 /* AddGoalTextFieldCell.swift */; };
		850F7BE519F4A0B6006E16A0 /* AddGoalTextFieldCell.xib in Resources */ = {isa = PBXBuildFile; fileRef = 850F7BE319F4A0B6006E16A0 /* AddGoalTextFieldCell.xib */; };
		850F7BEC19F4A5DF006E16A0 /* AddGoalLabelCell.swift in Sources */ = {isa = PBXBuildFile; fileRef = 850F7BEA19F4A5DF006E16A0 /* AddGoalLabelCell.swift */; };
		850F7BED19F4A5DF006E16A0 /* AddGoalLabelCell.xib in Resources */ = {isa = PBXBuildFile; fileRef = 850F7BEB19F4A5DF006E16A0 /* AddGoalLabelCell.xib */; };
		85322CC919F45401002CA450 /* SidePanelViewController.swift in Sources */ = {isa = PBXBuildFile; fileRef = 85322CC819F45401002CA450 /* SidePanelViewController.swift */; };
		85322CCB19F4547C002CA450 /* GoalListViewController.swift in Sources */ = {isa = PBXBuildFile; fileRef = 85322CCA19F4547C002CA450 /* GoalListViewController.swift */; };
		85322CCD19F454C8002CA450 /* GoalTrackerExtensions.swift in Sources */ = {isa = PBXBuildFile; fileRef = 85322CCC19F454C8002CA450 /* GoalTrackerExtensions.swift */; };
		85322CCF19F4609E002CA450 /* AddGoalViewController.swift in Sources */ = {isa = PBXBuildFile; fileRef = 85322CCE19F4609E002CA450 /* AddGoalViewController.swift */; };
		85583AB019F4C1A800F90652 /* FriendListViewController.swift in Sources */ = {isa = PBXBuildFile; fileRef = 85583AAF19F4C1A800F90652 /* FriendListViewController.swift */; };
		85583AB219F4D55400F90652 /* User.swift in Sources */ = {isa = PBXBuildFile; fileRef = 85583AB119F4D55400F90652 /* User.swift */; };
		85FA664419F2DE4C00853596 /* AppDelegate.swift in Sources */ = {isa = PBXBuildFile; fileRef = 85FA664319F2DE4C00853596 /* AppDelegate.swift */; };
		85FA664619F2DE4C00853596 /* ViewController.swift in Sources */ = {isa = PBXBuildFile; fileRef = 85FA664519F2DE4C00853596 /* ViewController.swift */; };
		85FA664919F2DE4C00853596 /* Main.storyboard in Resources */ = {isa = PBXBuildFile; fileRef = 85FA664719F2DE4C00853596 /* Main.storyboard */; };
		85FA664B19F2DE4C00853596 /* Images.xcassets in Resources */ = {isa = PBXBuildFile; fileRef = 85FA664A19F2DE4C00853596 /* Images.xcassets */; };
		85FA664E19F2DE4C00853596 /* LaunchScreen.xib in Resources */ = {isa = PBXBuildFile; fileRef = 85FA664C19F2DE4C00853596 /* LaunchScreen.xib */; };
		85FA665A19F2DE4C00853596 /* GoalTrackerTests.swift in Sources */ = {isa = PBXBuildFile; fileRef = 85FA665919F2DE4C00853596 /* GoalTrackerTests.swift */; };
		85FA666D19F2E23C00853596 /* AudioToolbox.framework in Frameworks */ = {isa = PBXBuildFile; fileRef = 85FA666C19F2E23C00853596 /* AudioToolbox.framework */; };
		85FA666F19F2E24800853596 /* CFNetwork.framework in Frameworks */ = {isa = PBXBuildFile; fileRef = 85FA666E19F2E24800853596 /* CFNetwork.framework */; };
		85FA667119F2E25300853596 /* CoreGraphics.framework in Frameworks */ = {isa = PBXBuildFile; fileRef = 85FA667019F2E25300853596 /* CoreGraphics.framework */; };
		85FA667319F2E25C00853596 /* CoreLocation.framework in Frameworks */ = {isa = PBXBuildFile; fileRef = 85FA667219F2E25C00853596 /* CoreLocation.framework */; };
		85FA667519F2E26600853596 /* libz.dylib in Frameworks */ = {isa = PBXBuildFile; fileRef = 85FA667419F2E26600853596 /* libz.dylib */; };
		85FA667719F2E27000853596 /* MobileCoreServices.framework in Frameworks */ = {isa = PBXBuildFile; fileRef = 85FA667619F2E27000853596 /* MobileCoreServices.framework */; };
		85FA667919F2E27A00853596 /* QuartzCore.framework in Frameworks */ = {isa = PBXBuildFile; fileRef = 85FA667819F2E27A00853596 /* QuartzCore.framework */; };
		85FA667B19F2E28300853596 /* Security.framework in Frameworks */ = {isa = PBXBuildFile; fileRef = 85FA667A19F2E28300853596 /* Security.framework */; };
		85FA667D19F2E28D00853596 /* StoreKit.framework in Frameworks */ = {isa = PBXBuildFile; fileRef = 85FA667C19F2E28D00853596 /* StoreKit.framework */; };
		85FA667F19F2E29600853596 /* SystemConfiguration.framework in Frameworks */ = {isa = PBXBuildFile; fileRef = 85FA667E19F2E29600853596 /* SystemConfiguration.framework */; };
		85FA668119F2E4A900853596 /* Accounts.framework in Frameworks */ = {isa = PBXBuildFile; fileRef = 85FA668019F2E4A900853596 /* Accounts.framework */; };
		85FA668319F2E96700853596 /* Bolts.framework in Frameworks */ = {isa = PBXBuildFile; fileRef = 85FA668219F2E96700853596 /* Bolts.framework */; };
		85FA668519F2E96B00853596 /* Parse.framework in Frameworks */ = {isa = PBXBuildFile; fileRef = 85FA668419F2E96B00853596 /* Parse.framework */; };
/* End PBXBuildFile section */

/* Begin PBXContainerItemProxy section */
		85FA665419F2DE4C00853596 /* PBXContainerItemProxy */ = {
			isa = PBXContainerItemProxy;
			containerPortal = 85FA663619F2DE4B00853596 /* Project object */;
			proxyType = 1;
			remoteGlobalIDString = 85FA663D19F2DE4B00853596;
			remoteInfo = GoalTracker;
		};
/* End PBXContainerItemProxy section */

/* Begin PBXFileReference section */
		5BDFD2CE0E674E02ABCBEC97 /* libPods.a */ = {isa = PBXFileReference; explicitFileType = archive.ar; includeInIndex = 0; path = libPods.a; sourceTree = BUILT_PRODUCTS_DIR; };
		61A962FBC4404AC0B6E2F1E1 /* Pods.xcconfig */ = {isa = PBXFileReference; includeInIndex = 1; lastKnownFileType = text.xcconfig; name = Pods.xcconfig; path = Pods/Pods.xcconfig; sourceTree = "<group>"; };
		850F7BE219F4A0B6006E16A0 /* AddGoalTextFieldCell.swift */ = {isa = PBXFileReference; fileEncoding = 4; lastKnownFileType = sourcecode.swift; path = AddGoalTextFieldCell.swift; sourceTree = "<group>"; };
		850F7BE319F4A0B6006E16A0 /* AddGoalTextFieldCell.xib */ = {isa = PBXFileReference; fileEncoding = 4; lastKnownFileType = file.xib; path = AddGoalTextFieldCell.xib; sourceTree = "<group>"; };
		850F7BEA19F4A5DF006E16A0 /* AddGoalLabelCell.swift */ = {isa = PBXFileReference; fileEncoding = 4; lastKnownFileType = sourcecode.swift; path = AddGoalLabelCell.swift; sourceTree = "<group>"; };
		850F7BEB19F4A5DF006E16A0 /* AddGoalLabelCell.xib */ = {isa = PBXFileReference; fileEncoding = 4; lastKnownFileType = file.xib; path = AddGoalLabelCell.xib; sourceTree = "<group>"; };
		85322CC819F45401002CA450 /* SidePanelViewController.swift */ = {isa = PBXFileReference; fileEncoding = 4; lastKnownFileType = sourcecode.swift; path = SidePanelViewController.swift; sourceTree = "<group>"; };
		85322CCA19F4547C002CA450 /* GoalListViewController.swift */ = {isa = PBXFileReference; fileEncoding = 4; lastKnownFileType = sourcecode.swift; path = GoalListViewController.swift; sourceTree = "<group>"; };
		85322CCC19F454C8002CA450 /* GoalTrackerExtensions.swift */ = {isa = PBXFileReference; fileEncoding = 4; lastKnownFileType = sourcecode.swift; path = GoalTrackerExtensions.swift; sourceTree = "<group>"; };
		85322CCE19F4609E002CA450 /* AddGoalViewController.swift */ = {isa = PBXFileReference; fileEncoding = 4; lastKnownFileType = sourcecode.swift; path = AddGoalViewController.swift; sourceTree = "<group>"; };
		85583AAF19F4C1A800F90652 /* FriendListViewController.swift */ = {isa = PBXFileReference; fileEncoding = 4; lastKnownFileType = sourcecode.swift; path = FriendListViewController.swift; sourceTree = "<group>"; };
		85583AB119F4D55400F90652 /* User.swift */ = {isa = PBXFileReference; fileEncoding = 4; lastKnownFileType = sourcecode.swift; path = User.swift; sourceTree = "<group>"; };
		85FA663E19F2DE4B00853596 /* GoalTracker.app */ = {isa = PBXFileReference; explicitFileType = wrapper.application; includeInIndex = 0; path = GoalTracker.app; sourceTree = BUILT_PRODUCTS_DIR; };
		85FA664219F2DE4C00853596 /* Info.plist */ = {isa = PBXFileReference; lastKnownFileType = text.plist.xml; path = Info.plist; sourceTree = "<group>"; };
		85FA664319F2DE4C00853596 /* AppDelegate.swift */ = {isa = PBXFileReference; lastKnownFileType = sourcecode.swift; path = AppDelegate.swift; sourceTree = "<group>"; };
		85FA664519F2DE4C00853596 /* ViewController.swift */ = {isa = PBXFileReference; lastKnownFileType = sourcecode.swift; path = ViewController.swift; sourceTree = "<group>"; };
		85FA664819F2DE4C00853596 /* Base */ = {isa = PBXFileReference; lastKnownFileType = file.storyboard; name = Base; path = Base.lproj/Main.storyboard; sourceTree = "<group>"; };
		85FA664A19F2DE4C00853596 /* Images.xcassets */ = {isa = PBXFileReference; lastKnownFileType = folder.assetcatalog; path = Images.xcassets; sourceTree = "<group>"; };
		85FA664D19F2DE4C00853596 /* Base */ = {isa = PBXFileReference; lastKnownFileType = file.xib; name = Base; path = Base.lproj/LaunchScreen.xib; sourceTree = "<group>"; };
		85FA665319F2DE4C00853596 /* GoalTrackerTests.xctest */ = {isa = PBXFileReference; explicitFileType = wrapper.cfbundle; includeInIndex = 0; path = GoalTrackerTests.xctest; sourceTree = BUILT_PRODUCTS_DIR; };
		85FA665819F2DE4C00853596 /* Info.plist */ = {isa = PBXFileReference; lastKnownFileType = text.plist.xml; path = Info.plist; sourceTree = "<group>"; };
		85FA665919F2DE4C00853596 /* GoalTrackerTests.swift */ = {isa = PBXFileReference; lastKnownFileType = sourcecode.swift; path = GoalTrackerTests.swift; sourceTree = "<group>"; };
		85FA666319F2E09A00853596 /* Bolts.framework */ = {isa = PBXFileReference; lastKnownFileType = wrapper.framework; name = Bolts.framework; path = "../../Downloads/parse-library-1.4.2/Bolts.framework"; sourceTree = "<group>"; };
		85FA666419F2E09A00853596 /* Parse.framework */ = {isa = PBXFileReference; lastKnownFileType = wrapper.framework; name = Parse.framework; path = "../../Downloads/parse-library-1.4.2/Parse.framework"; sourceTree = "<group>"; };
		85FA666919F2E0DF00853596 /* GoalTracker-Bridging-Header.h */ = {isa = PBXFileReference; lastKnownFileType = sourcecode.c.h; path = "GoalTracker-Bridging-Header.h"; sourceTree = "<group>"; };
		85FA666C19F2E23C00853596 /* AudioToolbox.framework */ = {isa = PBXFileReference; lastKnownFileType = wrapper.framework; name = AudioToolbox.framework; path = System/Library/Frameworks/AudioToolbox.framework; sourceTree = SDKROOT; };
		85FA666E19F2E24800853596 /* CFNetwork.framework */ = {isa = PBXFileReference; lastKnownFileType = wrapper.framework; name = CFNetwork.framework; path = System/Library/Frameworks/CFNetwork.framework; sourceTree = SDKROOT; };
		85FA667019F2E25300853596 /* CoreGraphics.framework */ = {isa = PBXFileReference; lastKnownFileType = wrapper.framework; name = CoreGraphics.framework; path = System/Library/Frameworks/CoreGraphics.framework; sourceTree = SDKROOT; };
		85FA667219F2E25C00853596 /* CoreLocation.framework */ = {isa = PBXFileReference; lastKnownFileType = wrapper.framework; name = CoreLocation.framework; path = System/Library/Frameworks/CoreLocation.framework; sourceTree = SDKROOT; };
		85FA667419F2E26600853596 /* libz.dylib */ = {isa = PBXFileReference; lastKnownFileType = "compiled.mach-o.dylib"; name = libz.dylib; path = usr/lib/libz.dylib; sourceTree = SDKROOT; };
		85FA667619F2E27000853596 /* MobileCoreServices.framework */ = {isa = PBXFileReference; lastKnownFileType = wrapper.framework; name = MobileCoreServices.framework; path = System/Library/Frameworks/MobileCoreServices.framework; sourceTree = SDKROOT; };
		85FA667819F2E27A00853596 /* QuartzCore.framework */ = {isa = PBXFileReference; lastKnownFileType = wrapper.framework; name = QuartzCore.framework; path = System/Library/Frameworks/QuartzCore.framework; sourceTree = SDKROOT; };
		85FA667A19F2E28300853596 /* Security.framework */ = {isa = PBXFileReference; lastKnownFileType = wrapper.framework; name = Security.framework; path = System/Library/Frameworks/Security.framework; sourceTree = SDKROOT; };
		85FA667C19F2E28D00853596 /* StoreKit.framework */ = {isa = PBXFileReference; lastKnownFileType = wrapper.framework; name = StoreKit.framework; path = System/Library/Frameworks/StoreKit.framework; sourceTree = SDKROOT; };
		85FA667E19F2E29600853596 /* SystemConfiguration.framework */ = {isa = PBXFileReference; lastKnownFileType = wrapper.framework; name = SystemConfiguration.framework; path = System/Library/Frameworks/SystemConfiguration.framework; sourceTree = SDKROOT; };
		85FA668019F2E4A900853596 /* Accounts.framework */ = {isa = PBXFileReference; lastKnownFileType = wrapper.framework; name = Accounts.framework; path = System/Library/Frameworks/Accounts.framework; sourceTree = SDKROOT; };
		85FA668219F2E96700853596 /* Bolts.framework */ = {isa = PBXFileReference; lastKnownFileType = wrapper.framework; path = Bolts.framework; sourceTree = "<group>"; };
		85FA668419F2E96B00853596 /* Parse.framework */ = {isa = PBXFileReference; lastKnownFileType = wrapper.framework; path = Parse.framework; sourceTree = "<group>"; };
/* End PBXFileReference section */

/* Begin PBXFrameworksBuildPhase section */
		85FA663B19F2DE4B00853596 /* Frameworks */ = {
			isa = PBXFrameworksBuildPhase;
			buildActionMask = 2147483647;
			files = (
				85FA668119F2E4A900853596 /* Accounts.framework in Frameworks */,
				85FA667F19F2E29600853596 /* SystemConfiguration.framework in Frameworks */,
				85FA667D19F2E28D00853596 /* StoreKit.framework in Frameworks */,
				85FA667B19F2E28300853596 /* Security.framework in Frameworks */,
				85FA667919F2E27A00853596 /* QuartzCore.framework in Frameworks */,
				85FA667719F2E27000853596 /* MobileCoreServices.framework in Frameworks */,
				85FA667519F2E26600853596 /* libz.dylib in Frameworks */,
				85FA667319F2E25C00853596 /* CoreLocation.framework in Frameworks */,
				85FA667119F2E25300853596 /* CoreGraphics.framework in Frameworks */,
				85FA666F19F2E24800853596 /* CFNetwork.framework in Frameworks */,
				85FA666D19F2E23C00853596 /* AudioToolbox.framework in Frameworks */,
				85FA668319F2E96700853596 /* Bolts.framework in Frameworks */,
				85FA668519F2E96B00853596 /* Parse.framework in Frameworks */,
				0224305D0DF34BA29501C49A /* libPods.a in Frameworks */,
			);
			runOnlyForDeploymentPostprocessing = 0;
		};
		85FA665019F2DE4C00853596 /* Frameworks */ = {
			isa = PBXFrameworksBuildPhase;
			buildActionMask = 2147483647;
			files = (
			);
			runOnlyForDeploymentPostprocessing = 0;
		};
/* End PBXFrameworksBuildPhase section */

/* Begin PBXGroup section */
		84A542C8F2A64CA2A94B828E /* Frameworks */ = {
			isa = PBXGroup;
			children = (
				85FA668419F2E96B00853596 /* Parse.framework */,
				85FA668219F2E96700853596 /* Bolts.framework */,
				85FA668019F2E4A900853596 /* Accounts.framework */,
				5BDFD2CE0E674E02ABCBEC97 /* libPods.a */,
			);
			name = Frameworks;
			sourceTree = "<group>";
		};
		85FA663519F2DE4B00853596 = {
			isa = PBXGroup;
			children = (
				85FA667E19F2E29600853596 /* SystemConfiguration.framework */,
				85FA667C19F2E28D00853596 /* StoreKit.framework */,
				85FA667A19F2E28300853596 /* Security.framework */,
				85FA667819F2E27A00853596 /* QuartzCore.framework */,
				85FA667619F2E27000853596 /* MobileCoreServices.framework */,
				85FA667419F2E26600853596 /* libz.dylib */,
				85FA667219F2E25C00853596 /* CoreLocation.framework */,
				85FA667019F2E25300853596 /* CoreGraphics.framework */,
				85FA666E19F2E24800853596 /* CFNetwork.framework */,
				85FA666C19F2E23C00853596 /* AudioToolbox.framework */,
				85FA666319F2E09A00853596 /* Bolts.framework */,
				85FA666419F2E09A00853596 /* Parse.framework */,
				85FA664019F2DE4B00853596 /* GoalTracker */,
				85FA665619F2DE4C00853596 /* GoalTrackerTests */,
				85FA663F19F2DE4B00853596 /* Products */,
				61A962FBC4404AC0B6E2F1E1 /* Pods.xcconfig */,
				84A542C8F2A64CA2A94B828E /* Frameworks */,
			);
			sourceTree = "<group>";
		};
		85FA663F19F2DE4B00853596 /* Products */ = {
			isa = PBXGroup;
			children = (
				85FA663E19F2DE4B00853596 /* GoalTracker.app */,
				85FA665319F2DE4C00853596 /* GoalTrackerTests.xctest */,
			);
			name = Products;
			sourceTree = "<group>";
		};
		85FA664019F2DE4B00853596 /* GoalTracker */ = {
			isa = PBXGroup;
			children = (
				85FA664319F2DE4C00853596 /* AppDelegate.swift */,
				85583AB119F4D55400F90652 /* User.swift */,
				85FA664519F2DE4C00853596 /* ViewController.swift */,
				85322CCA19F4547C002CA450 /* GoalListViewController.swift */,
				85322CCE19F4609E002CA450 /* AddGoalViewController.swift */,
				85583AAF19F4C1A800F90652 /* FriendListViewController.swift */,
				85322CC819F45401002CA450 /* SidePanelViewController.swift */,
				850F7BE219F4A0B6006E16A0 /* AddGoalTextFieldCell.swift */,
				850F7BE319F4A0B6006E16A0 /* AddGoalTextFieldCell.xib */,
				850F7BEA19F4A5DF006E16A0 /* AddGoalLabelCell.swift */,
				850F7BEB19F4A5DF006E16A0 /* AddGoalLabelCell.xib */,
				85FA664719F2DE4C00853596 /* Main.storyboard */,
				85FA666919F2E0DF00853596 /* GoalTracker-Bridging-Header.h */,
				85322CCC19F454C8002CA450 /* GoalTrackerExtensions.swift */,
				85FA664A19F2DE4C00853596 /* Images.xcassets */,
				85FA664C19F2DE4C00853596 /* LaunchScreen.xib */,
				85FA664119F2DE4C00853596 /* Supporting Files */,
			);
			path = GoalTracker;
			sourceTree = "<group>";
		};
		85FA664119F2DE4C00853596 /* Supporting Files */ = {
			isa = PBXGroup;
			children = (
				85FA664219F2DE4C00853596 /* Info.plist */,
			);
			name = "Supporting Files";
			sourceTree = "<group>";
		};
		85FA665619F2DE4C00853596 /* GoalTrackerTests */ = {
			isa = PBXGroup;
			children = (
				85FA665919F2DE4C00853596 /* GoalTrackerTests.swift */,
				85FA665719F2DE4C00853596 /* Supporting Files */,
			);
			path = GoalTrackerTests;
			sourceTree = "<group>";
		};
		85FA665719F2DE4C00853596 /* Supporting Files */ = {
			isa = PBXGroup;
			children = (
				85FA665819F2DE4C00853596 /* Info.plist */,
			);
			name = "Supporting Files";
			sourceTree = "<group>";
		};
/* End PBXGroup section */

/* Begin PBXNativeTarget section */
		85FA663D19F2DE4B00853596 /* GoalTracker */ = {
			isa = PBXNativeTarget;
			buildConfigurationList = 85FA665D19F2DE4C00853596 /* Build configuration list for PBXNativeTarget "GoalTracker" */;
			buildPhases = (
				CC59B20B449645B5BF44D547 /* Check Pods Manifest.lock */,
				85FA663A19F2DE4B00853596 /* Sources */,
				85FA663B19F2DE4B00853596 /* Frameworks */,
				85FA663C19F2DE4B00853596 /* Resources */,
				1FBA39FB228A4D509BFD462F /* Copy Pods Resources */,
			);
			buildRules = (
			);
			dependencies = (
			);
			name = GoalTracker;
			productName = GoalTracker;
			productReference = 85FA663E19F2DE4B00853596 /* GoalTracker.app */;
			productType = "com.apple.product-type.application";
		};
		85FA665219F2DE4C00853596 /* GoalTrackerTests */ = {
			isa = PBXNativeTarget;
			buildConfigurationList = 85FA666019F2DE4C00853596 /* Build configuration list for PBXNativeTarget "GoalTrackerTests" */;
			buildPhases = (
				85FA664F19F2DE4C00853596 /* Sources */,
				85FA665019F2DE4C00853596 /* Frameworks */,
				85FA665119F2DE4C00853596 /* Resources */,
			);
			buildRules = (
			);
			dependencies = (
				85FA665519F2DE4C00853596 /* PBXTargetDependency */,
			);
			name = GoalTrackerTests;
			productName = GoalTrackerTests;
			productReference = 85FA665319F2DE4C00853596 /* GoalTrackerTests.xctest */;
			productType = "com.apple.product-type.bundle.unit-test";
		};
/* End PBXNativeTarget section */

/* Begin PBXProject section */
		85FA663619F2DE4B00853596 /* Project object */ = {
			isa = PBXProject;
			attributes = {
				LastUpgradeCheck = 0600;
				ORGANIZATIONNAME = "Ziyang Tan";
				TargetAttributes = {
					85FA663D19F2DE4B00853596 = {
						CreatedOnToolsVersion = 6.0.1;
					};
					85FA665219F2DE4C00853596 = {
						CreatedOnToolsVersion = 6.0.1;
						TestTargetID = 85FA663D19F2DE4B00853596;
					};
				};
			};
			buildConfigurationList = 85FA663919F2DE4B00853596 /* Build configuration list for PBXProject "GoalTracker" */;
			compatibilityVersion = "Xcode 3.2";
			developmentRegion = English;
			hasScannedForEncodings = 0;
			knownRegions = (
				en,
				Base,
			);
			mainGroup = 85FA663519F2DE4B00853596;
			productRefGroup = 85FA663F19F2DE4B00853596 /* Products */;
			projectDirPath = "";
			projectRoot = "";
			targets = (
				85FA663D19F2DE4B00853596 /* GoalTracker */,
				85FA665219F2DE4C00853596 /* GoalTrackerTests */,
			);
		};
/* End PBXProject section */

/* Begin PBXResourcesBuildPhase section */
		85FA663C19F2DE4B00853596 /* Resources */ = {
			isa = PBXResourcesBuildPhase;
			buildActionMask = 2147483647;
			files = (
				85FA664919F2DE4C00853596 /* Main.storyboard in Resources */,
				850F7BED19F4A5DF006E16A0 /* AddGoalLabelCell.xib in Resources */,
				85FA664E19F2DE4C00853596 /* LaunchScreen.xib in Resources */,
				850F7BE519F4A0B6006E16A0 /* AddGoalTextFieldCell.xib in Resources */,
				85FA664B19F2DE4C00853596 /* Images.xcassets in Resources */,
			);
			runOnlyForDeploymentPostprocessing = 0;
		};
		85FA665119F2DE4C00853596 /* Resources */ = {
			isa = PBXResourcesBuildPhase;
			buildActionMask = 2147483647;
			files = (
			);
			runOnlyForDeploymentPostprocessing = 0;
		};
/* End PBXResourcesBuildPhase section */

/* Begin PBXShellScriptBuildPhase section */
		1FBA39FB228A4D509BFD462F /* Copy Pods Resources */ = {
			isa = PBXShellScriptBuildPhase;
			buildActionMask = 2147483647;
			files = (
			);
			inputPaths = (
			);
			name = "Copy Pods Resources";
			outputPaths = (
			);
			runOnlyForDeploymentPostprocessing = 0;
			shellPath = /bin/sh;
			shellScript = "\"${SRCROOT}/Pods/Pods-resources.sh\"\n";
			showEnvVarsInLog = 0;
		};
		CC59B20B449645B5BF44D547 /* Check Pods Manifest.lock */ = {
			isa = PBXShellScriptBuildPhase;
			buildActionMask = 2147483647;
			files = (
			);
			inputPaths = (
			);
			name = "Check Pods Manifest.lock";
			outputPaths = (
			);
			runOnlyForDeploymentPostprocessing = 0;
			shellPath = /bin/sh;
			shellScript = "diff \"${PODS_ROOT}/../Podfile.lock\" \"${PODS_ROOT}/Manifest.lock\" > /dev/null\nif [[ $? != 0 ]] ; then\n    cat << EOM\nerror: The sandbox is not in sync with the Podfile.lock. Run 'pod install' or update your CocoaPods installation.\nEOM\n    exit 1\nfi\n";
			showEnvVarsInLog = 0;
		};
/* End PBXShellScriptBuildPhase section */

/* Begin PBXSourcesBuildPhase section */
		85FA663A19F2DE4B00853596 /* Sources */ = {
			isa = PBXSourcesBuildPhase;
			buildActionMask = 2147483647;
			files = (
				85322CC919F45401002CA450 /* SidePanelViewController.swift in Sources */,
				85322CCB19F4547C002CA450 /* GoalListViewController.swift in Sources */,
				85583AB019F4C1A800F90652 /* FriendListViewController.swift in Sources */,
				850F7BE419F4A0B6006E16A0 /* AddGoalTextFieldCell.swift in Sources */,
				85322CCD19F454C8002CA450 /* GoalTrackerExtensions.swift in Sources */,
				85322CCF19F4609E002CA450 /* AddGoalViewController.swift in Sources */,
				850F7BEC19F4A5DF006E16A0 /* AddGoalLabelCell.swift in Sources */,
				85FA664619F2DE4C00853596 /* ViewController.swift in Sources */,
				85583AB219F4D55400F90652 /* User.swift in Sources */,
				85FA664419F2DE4C00853596 /* AppDelegate.swift in Sources */,
			);
			runOnlyForDeploymentPostprocessing = 0;
		};
		85FA664F19F2DE4C00853596 /* Sources */ = {
			isa = PBXSourcesBuildPhase;
			buildActionMask = 2147483647;
			files = (
				85FA665A19F2DE4C00853596 /* GoalTrackerTests.swift in Sources */,
			);
			runOnlyForDeploymentPostprocessing = 0;
		};
/* End PBXSourcesBuildPhase section */

/* Begin PBXTargetDependency section */
		85FA665519F2DE4C00853596 /* PBXTargetDependency */ = {
			isa = PBXTargetDependency;
			target = 85FA663D19F2DE4B00853596 /* GoalTracker */;
			targetProxy = 85FA665419F2DE4C00853596 /* PBXContainerItemProxy */;
		};
/* End PBXTargetDependency section */

/* Begin PBXVariantGroup section */
		85FA664719F2DE4C00853596 /* Main.storyboard */ = {
			isa = PBXVariantGroup;
			children = (
				85FA664819F2DE4C00853596 /* Base */,
			);
			name = Main.storyboard;
			sourceTree = "<group>";
		};
		85FA664C19F2DE4C00853596 /* LaunchScreen.xib */ = {
			isa = PBXVariantGroup;
			children = (
				85FA664D19F2DE4C00853596 /* Base */,
			);
			name = LaunchScreen.xib;
			sourceTree = "<group>";
		};
/* End PBXVariantGroup section */

/* Begin XCBuildConfiguration section */
		85FA665B19F2DE4C00853596 /* Debug */ = {
			isa = XCBuildConfiguration;
			buildSettings = {
				ALWAYS_SEARCH_USER_PATHS = NO;
				CLANG_CXX_LANGUAGE_STANDARD = "gnu++0x";
				CLANG_CXX_LIBRARY = "libc++";
				CLANG_ENABLE_MODULES = YES;
				CLANG_ENABLE_OBJC_ARC = YES;
				CLANG_WARN_BOOL_CONVERSION = YES;
				CLANG_WARN_CONSTANT_CONVERSION = YES;
				CLANG_WARN_DIRECT_OBJC_ISA_USAGE = YES_ERROR;
				CLANG_WARN_EMPTY_BODY = YES;
				CLANG_WARN_ENUM_CONVERSION = YES;
				CLANG_WARN_INT_CONVERSION = YES;
				CLANG_WARN_OBJC_ROOT_CLASS = YES_ERROR;
				CLANG_WARN_UNREACHABLE_CODE = YES;
				CLANG_WARN__DUPLICATE_METHOD_MATCH = YES;
				"CODE_SIGN_IDENTITY[sdk=iphoneos*]" = "iPhone Developer";
				COPY_PHASE_STRIP = NO;
				ENABLE_STRICT_OBJC_MSGSEND = YES;
				GCC_C_LANGUAGE_STANDARD = gnu99;
				GCC_DYNAMIC_NO_PIC = NO;
				GCC_OPTIMIZATION_LEVEL = 0;
				GCC_PREPROCESSOR_DEFINITIONS = (
					"DEBUG=1",
					"$(inherited)",
				);
				GCC_SYMBOLS_PRIVATE_EXTERN = NO;
				GCC_WARN_64_TO_32_BIT_CONVERSION = YES;
				GCC_WARN_ABOUT_RETURN_TYPE = YES_ERROR;
				GCC_WARN_UNDECLARED_SELECTOR = YES;
				GCC_WARN_UNINITIALIZED_AUTOS = YES_AGGRESSIVE;
				GCC_WARN_UNUSED_FUNCTION = YES;
				GCC_WARN_UNUSED_VARIABLE = YES;
				IPHONEOS_DEPLOYMENT_TARGET = 8.0;
				MTL_ENABLE_DEBUG_INFO = YES;
				ONLY_ACTIVE_ARCH = YES;
				SDKROOT = iphoneos;
				SWIFT_OPTIMIZATION_LEVEL = "-Onone";
				TARGETED_DEVICE_FAMILY = "1,2";
			};
			name = Debug;
		};
		85FA665C19F2DE4C00853596 /* Release */ = {
			isa = XCBuildConfiguration;
			buildSettings = {
				ALWAYS_SEARCH_USER_PATHS = NO;
				CLANG_CXX_LANGUAGE_STANDARD = "gnu++0x";
				CLANG_CXX_LIBRARY = "libc++";
				CLANG_ENABLE_MODULES = YES;
				CLANG_ENABLE_OBJC_ARC = YES;
				CLANG_WARN_BOOL_CONVERSION = YES;
				CLANG_WARN_CONSTANT_CONVERSION = YES;
				CLANG_WARN_DIRECT_OBJC_ISA_USAGE = YES_ERROR;
				CLANG_WARN_EMPTY_BODY = YES;
				CLANG_WARN_ENUM_CONVERSION = YES;
				CLANG_WARN_INT_CONVERSION = YES;
				CLANG_WARN_OBJC_ROOT_CLASS = YES_ERROR;
				CLANG_WARN_UNREACHABLE_CODE = YES;
				CLANG_WARN__DUPLICATE_METHOD_MATCH = YES;
				"CODE_SIGN_IDENTITY[sdk=iphoneos*]" = "iPhone Developer";
				COPY_PHASE_STRIP = YES;
				ENABLE_NS_ASSERTIONS = NO;
				ENABLE_STRICT_OBJC_MSGSEND = YES;
				GCC_C_LANGUAGE_STANDARD = gnu99;
				GCC_WARN_64_TO_32_BIT_CONVERSION = YES;
				GCC_WARN_ABOUT_RETURN_TYPE = YES_ERROR;
				GCC_WARN_UNDECLARED_SELECTOR = YES;
				GCC_WARN_UNINITIALIZED_AUTOS = YES_AGGRESSIVE;
				GCC_WARN_UNUSED_FUNCTION = YES;
				GCC_WARN_UNUSED_VARIABLE = YES;
				IPHONEOS_DEPLOYMENT_TARGET = 8.0;
				MTL_ENABLE_DEBUG_INFO = NO;
				SDKROOT = iphoneos;
				TARGETED_DEVICE_FAMILY = "1,2";
				VALIDATE_PRODUCT = YES;
			};
			name = Release;
		};
		85FA665E19F2DE4C00853596 /* Debug */ = {
			isa = XCBuildConfiguration;
			baseConfigurationReference = 61A962FBC4404AC0B6E2F1E1 /* Pods.xcconfig */;
			buildSettings = {
				ASSETCATALOG_COMPILER_APPICON_NAME = AppIcon;
				CLANG_ENABLE_MODULES = YES;
				FRAMEWORK_SEARCH_PATHS = (
					"$(inherited)",
					"/Users/ziyang0621/Downloads/parse-library-1.4.2",
					"$(PROJECT_DIR)",
				);
				INFOPLIST_FILE = GoalTracker/Info.plist;
				LD_RUNPATH_SEARCH_PATHS = "$(inherited) @executable_path/Frameworks";
				OTHER_LDFLAGS = (
					"-framework",
					Accelerate,
					"-framework",
					CoreGraphics,
					"-framework",
					QuartzCore,
					"-framework",
					UIKit,
					"-ObjC",
				);
				PRODUCT_NAME = "$(TARGET_NAME)";
				SWIFT_OBJC_BRIDGING_HEADER = "GoalTracker/GoalTracker-Bridging-Header.h";
				SWIFT_OPTIMIZATION_LEVEL = "-Onone";
			};
			name = Debug;
		};
		85FA665F19F2DE4C00853596 /* Release */ = {
			isa = XCBuildConfiguration;
			baseConfigurationReference = 61A962FBC4404AC0B6E2F1E1 /* Pods.xcconfig */;
			buildSettings = {
				ASSETCATALOG_COMPILER_APPICON_NAME = AppIcon;
				CLANG_ENABLE_MODULES = YES;
				FRAMEWORK_SEARCH_PATHS = (
					"$(inherited)",
					"/Users/ziyang0621/Downloads/parse-library-1.4.2",
					"$(PROJECT_DIR)",
				);
				INFOPLIST_FILE = GoalTracker/Info.plist;
				LD_RUNPATH_SEARCH_PATHS = "$(inherited) @executable_path/Frameworks";
				PRODUCT_NAME = "$(TARGET_NAME)";
				SWIFT_OBJC_BRIDGING_HEADER = "GoalTracker/GoalTracker-Bridging-Header.h";
			};
			name = Release;
		};
		85FA666119F2DE4C00853596 /* Debug */ = {
			isa = XCBuildConfiguration;
			buildSettings = {
				BUNDLE_LOADER = "$(TEST_HOST)";
				FRAMEWORK_SEARCH_PATHS = (
					"$(SDKROOT)/Developer/Library/Frameworks",
					"$(inherited)",
				);
				GCC_PREPROCESSOR_DEFINITIONS = (
					"DEBUG=1",
					"$(inherited)",
				);
				INFOPLIST_FILE = GoalTrackerTests/Info.plist;
				LD_RUNPATH_SEARCH_PATHS = "$(inherited) @executable_path/Frameworks @loader_path/Frameworks";
				PRODUCT_NAME = "$(TARGET_NAME)";
				TEST_HOST = "$(BUILT_PRODUCTS_DIR)/GoalTracker.app/GoalTracker";
			};
			name = Debug;
		};
		85FA666219F2DE4C00853596 /* Release */ = {
			isa = XCBuildConfiguration;
			buildSettings = {
				BUNDLE_LOADER = "$(TEST_HOST)";
				FRAMEWORK_SEARCH_PATHS = (
					"$(SDKROOT)/Developer/Library/Frameworks",
					"$(inherited)",
				);
				INFOPLIST_FILE = GoalTrackerTests/Info.plist;
				LD_RUNPATH_SEARCH_PATHS = "$(inherited) @executable_path/Frameworks @loader_path/Frameworks";
				PRODUCT_NAME = "$(TARGET_NAME)";
				TEST_HOST = "$(BUILT_PRODUCTS_DIR)/GoalTracker.app/GoalTracker";
			};
			name = Release;
		};
/* End XCBuildConfiguration section */

/* Begin XCConfigurationList section */
		85FA663919F2DE4B00853596 /* Build configuration list for PBXProject "GoalTracker" */ = {
			isa = XCConfigurationList;
			buildConfigurations = (
				85FA665B19F2DE4C00853596 /* Debug */,
				85FA665C19F2DE4C00853596 /* Release */,
			);
			defaultConfigurationIsVisible = 0;
			defaultConfigurationName = Release;
		};
		85FA665D19F2DE4C00853596 /* Build configuration list for PBXNativeTarget "GoalTracker" */ = {
			isa = XCConfigurationList;
			buildConfigurations = (
				85FA665E19F2DE4C00853596 /* Debug */,
				85FA665F19F2DE4C00853596 /* Release */,
			);
			defaultConfigurationIsVisible = 0;
			defaultConfigurationName = Release;
		};
		85FA666019F2DE4C00853596 /* Build configuration list for PBXNativeTarget "GoalTrackerTests" */ = {
			isa = XCConfigurationList;
			buildConfigurations = (
				85FA666119F2DE4C00853596 /* Debug */,
				85FA666219F2DE4C00853596 /* Release */,
			);
			defaultConfigurationIsVisible = 0;
			defaultConfigurationName = Release;
		};
/* End XCConfigurationList section */
	};
	rootObject = 85FA663619F2DE4B00853596 /* Project object */;
}
